
Microsoft Visual Studio Solution File, Format Version 12.00
# Visual Studio Version 17
VisualStudioVersion = 17.5.33516.290
MinimumVisualStudioVersion = 10.0.40219.1
Project("{FAE04EC0-301F-11D3-BF4B-00C04F79EFBC}") = "SampleMVCApp", "SampleMVCApp\SampleMVCApp.csproj", "{50F2AD33-2763-4DAF-BF8A-37E027DA90DF}"
EndProject
Global
	GlobalSection(SolutionConfigurationPlatforms) = preSolution
		Debug|Any CPU = Debug|Any CPU
		Release|Any CPU = Release|Any CPU
	EndGlobalSection
	GlobalSection(ProjectConfigurationPlatforms) = postSolution
		{50F2AD33-2763-4DAF-BF8A-37E027DA90DF}.Debug|Any CPU.ActiveCfg = Debug|Any CPU
		{50F2AD33-2763-4DAF-BF8A-37E027DA90DF}.Debug|Any CPU.Build.0 = Debug|Any CPU
		{50F2AD33-2763-4DAF-BF8A-37E027DA90DF}.Release|Any CPU.ActiveCfg = Release|Any CPU
		{50F2AD33-2763-4DAF-BF8A-37E027DA90DF}.Release|Any CPU.Build.0 = Release|Any CPU
	EndGlobalSection
	GlobalSection(SolutionProperties) = preSolution
		HideSolutionNode = FALSE
	EndGlobalSection
	GlobalSection(ExtensibilityGlobals) = postSolution
		SolutionGuid = {E14CEE8A-1BEE-49AE-93ED-ECA18791BB4E}
	EndGlobalSection
EndGlobal
