
Microsoft Visual Studio Solution File, Format Version 12.00
# Visual Studio Version 17
VisualStudioVersion = 17.5.33516.290
MinimumVisualStudioVersion = 10.0.40219.1
Project("{FAE04EC0-301F-11D3-BF4B-00C04F79EFBC}") = "EntityFrameworkDemo", "EntityFrameworkDemo\EntityFrameworkDemo.csproj", "{B50318B9-C829-430A-9C75-BAA2BE3FABAF}"
EndProject
Global
	GlobalSection(SolutionConfigurationPlatforms) = preSolution
		Debug|Any CPU = Debug|Any CPU
		Release|Any CPU = Release|Any CPU
	EndGlobalSection
	GlobalSection(ProjectConfigurationPlatforms) = postSolution
		{B50318B9-C829-430A-9C75-BAA2BE3FABAF}.Debug|Any CPU.ActiveCfg = Debug|Any CPU
		{B50318B9-C829-430A-9C75-BAA2BE3FABAF}.Debug|Any CPU.Build.0 = Debug|Any CPU
		{B50318B9-C829-430A-9C75-BAA2BE3FABAF}.Release|Any CPU.ActiveCfg = Release|Any CPU
		{B50318B9-C829-430A-9C75-BAA2BE3FABAF}.Release|Any CPU.Build.0 = Release|Any CPU
	EndGlobalSection
	GlobalSection(SolutionProperties) = preSolution
		HideSolutionNode = FALSE
	EndGlobalSection
	GlobalSection(ExtensibilityGlobals) = postSolution
		SolutionGuid = {03FA7D64-6392-41F0-9909-60EDD05CFD91}
	EndGlobalSection
EndGlobal
